Microsoft Visual Studio Solution File, Format Version 12.00
# Visual Studio Version 17
VisualStudioVersion = 17.5.2.0
MinimumVisualStudioVersion = 10.0.40219.1
Project("{FAE04EC0-301F-11D3-BF4B-00C04F79EFBC}") = "ECommerce.UI", "ECommerce.UI\ECommerce.UI.csproj", "{67F3EF64-E493-B3B5-26FA-5928BD151AB5}"
EndProject
Global
	GlobalSection(SolutionConfigurationPlatforms) = preSolution
		Debug|Any CPU = Debug|Any CPU
		Release|Any CPU = Release|Any CPU
	EndGlobalSection
	GlobalSection(ProjectConfigurationPlatforms) = postSolution
		{67F3EF64-E493-B3B5-26FA-5928BD151AB5}.Debug|Any CPU.ActiveCfg = Debug|Any CPU
		{67F3EF64-E493-B3B5-26FA-5928BD151AB5}.Debug|Any CPU.Build.0 = Debug|Any CPU
		{67F3EF64-E493-B3B5-26FA-5928BD151AB5}.Release|Any CPU.ActiveCfg = Release|Any CPU
		{67F3EF64-E493-B3B5-26FA-5928BD151AB5}.Release|Any CPU.Build.0 = Release|Any CPU
	EndGlobalSection
	GlobalSection(SolutionProperties) = preSolution
		HideSolutionNode = FALSE
	EndGlobalSection
	GlobalSection(ExtensibilityGlobals) = postSolution
		SolutionGuid = {9AE34B34-88CD-444E-B247-24D244547B7A}
	EndGlobalSection
EndGlobal
