
Microsoft Visual Studio Solution File, Format Version 12.00
# Visual Studio Version 17
VisualStudioVersion = 17.13.35825.156 d17.13
MinimumVisualStudioVersion = 10.0.40219.1
Project("{FAE04EC0-301F-11D3-BF4B-00C04F79EFBC}") = "E-comercce}", "E-comercce}\E-comercce}.csproj", "{736AFBB1-0B33-4519-8789-CC64EDE486FF}"
EndProject
Global
	GlobalSection(SolutionConfigurationPlatforms) = preSolution
		Debug|Any CPU = Debug|Any CPU
		Release|Any CPU = Release|Any CPU
	EndGlobalSection
	GlobalSection(ProjectConfigurationPlatforms) = postSolution
		{736AFBB1-0B33-4519-8789-CC64EDE486FF}.Debug|Any CPU.ActiveCfg = Debug|Any CPU
		{736AFBB1-0B33-4519-8789-CC64EDE486FF}.Debug|Any CPU.Build.0 = Debug|Any CPU
		{736AFBB1-0B33-4519-8789-CC64EDE486FF}.Release|Any CPU.ActiveCfg = Release|Any CPU
		{736AFBB1-0B33-4519-8789-CC64EDE486FF}.Release|Any CPU.Build.0 = Release|Any CPU
	EndGlobalSection
	GlobalSection(SolutionProperties) = preSolution
		HideSolutionNode = FALSE
	EndGlobalSection
	GlobalSection(ExtensibilityGlobals) = postSolution
		SolutionGuid = {0B524257-4B3E-4F9D-8142-E2522C23440B}
	EndGlobalSection
EndGlobal
