
Microsoft Visual Studio Solution File, Format Version 12.00
# Visual Studio Version 17
VisualStudioVersion = 17.13.35825.156 d17.13
MinimumVisualStudioVersion = 10.0.40219.1
Project("{FAE04EC0-301F-11D3-BF4B-00C04F79EFBC}") = "E-comerce", "E-comerce\E-comerce.csproj", "{5A08581B-5382-41B3-8E7F-2C35686A3542}"
EndProject
Global
	GlobalSection(SolutionConfigurationPlatforms) = preSolution
		Debug|Any CPU = Debug|Any CPU
		Release|Any CPU = Release|Any CPU
	EndGlobalSection
	GlobalSection(ProjectConfigurationPlatforms) = postSolution
		{5A08581B-5382-41B3-8E7F-2C35686A3542}.Debug|Any CPU.ActiveCfg = Debug|Any CPU
		{5A08581B-5382-41B3-8E7F-2C35686A3542}.Debug|Any CPU.Build.0 = Debug|Any CPU
		{5A08581B-5382-41B3-8E7F-2C35686A3542}.Release|Any CPU.ActiveCfg = Release|Any CPU
		{5A08581B-5382-41B3-8E7F-2C35686A3542}.Release|Any CPU.Build.0 = Release|Any CPU
	EndGlobalSection
	GlobalSection(SolutionProperties) = preSolution
		HideSolutionNode = FALSE
	EndGlobalSection
	GlobalSection(ExtensibilityGlobals) = postSolution
		SolutionGuid = {1FACFAE1-7F92-4D80-B127-015A46BDA1DE}
	EndGlobalSection
EndGlobal
