
Microsoft Visual Studio Solution File, Format Version 12.00
# Visual Studio Version 17
VisualStudioVersion = 17.14.36109.1 d17.14
MinimumVisualStudioVersion = 10.0.40219.1
Project("{FAE04EC0-301F-11D3-BF4B-00C04F79EFBC}") = "SuperBodega.Admin.API", "SuperBodega.Admin.API.csproj", "{8EDBCC53-DBC0-4A55-87A8-F15F8EF6283F}"
EndProject
Global
	GlobalSection(SolutionConfigurationPlatforms) = preSolution
		Debug|Any CPU = Debug|Any CPU
		Release|Any CPU = Release|Any CPU
	EndGlobalSection
	GlobalSection(ProjectConfigurationPlatforms) = postSolution
		{8EDBCC53-DBC0-4A55-87A8-F15F8EF6283F}.Debug|Any CPU.ActiveCfg = Debug|Any CPU
		{8EDBCC53-DBC0-4A55-87A8-F15F8EF6283F}.Debug|Any CPU.Build.0 = Debug|Any CPU
		{8EDBCC53-DBC0-4A55-87A8-F15F8EF6283F}.Release|Any CPU.ActiveCfg = Release|Any CPU
		{8EDBCC53-DBC0-4A55-87A8-F15F8EF6283F}.Release|Any CPU.Build.0 = Release|Any CPU
	EndGlobalSection
	GlobalSection(SolutionProperties) = preSolution
		HideSolutionNode = FALSE
	EndGlobalSection
	GlobalSection(ExtensibilityGlobals) = postSolution
		SolutionGuid = {A262643F-7960-448E-8553-EF7847358CDD}
	EndGlobalSection
EndGlobal
